
Microsoft Visual Studio Solution File, Format Version 12.00
# Visual Studio Version 17
VisualStudioVersion = 17.1.32414.318
MinimumVisualStudioVersion = 10.0.40219.1
Project("{FAE04EC0-301F-11D3-BF4B-00C04F79EFBC}") = "1074", "1074\1074.csproj", "{77F16884-282A-434E-A337-E016D67D5A1F}"
EndProject
Global
	GlobalSection(SolutionConfigurationPlatforms) = preSolution
		Debug|Any CPU = Debug|Any CPU
		Release|Any CPU = Release|Any CPU
	EndGlobalSection
	GlobalSection(ProjectConfigurationPlatforms) = postSolution
		{77F16884-282A-434E-A337-E016D67D5A1F}.Debug|Any CPU.ActiveCfg = Debug|Any CPU
		{77F16884-282A-434E-A337-E016D67D5A1F}.Debug|Any CPU.Build.0 = Debug|Any CPU
		{77F16884-282A-434E-A337-E016D67D5A1F}.Release|Any CPU.ActiveCfg = Release|Any CPU
		{77F16884-282A-434E-A337-E016D67D5A1F}.Release|Any CPU.Build.0 = Release|Any CPU
	EndGlobalSection
	GlobalSection(SolutionProperties) = preSolution
		HideSolutionNode = FALSE
	EndGlobalSection
	GlobalSection(ExtensibilityGlobals) = postSolution
		SolutionGuid = {DEE680D5-C803-4FE8-9531-8B827E149CC6}
	EndGlobalSection
EndGlobal
