
Microsoft Visual Studio Solution File, Format Version 12.00
# Visual Studio Version 17
VisualStudioVersion = 17.1.32414.318
MinimumVisualStudioVersion = 10.0.40219.1
Project("{FAE04EC0-301F-11D3-BF4B-00C04F79EFBC}") = "1096", "1096\1096.csproj", "{057A0606-9B52-4734-AF70-0F182524667B}"
EndProject
Global
	GlobalSection(SolutionConfigurationPlatforms) = preSolution
		Debug|Any CPU = Debug|Any CPU
		Release|Any CPU = Release|Any CPU
	EndGlobalSection
	GlobalSection(ProjectConfigurationPlatforms) = postSolution
		{057A0606-9B52-4734-AF70-0F182524667B}.Debug|Any CPU.ActiveCfg = Debug|Any CPU
		{057A0606-9B52-4734-AF70-0F182524667B}.Debug|Any CPU.Build.0 = Debug|Any CPU
		{057A0606-9B52-4734-AF70-0F182524667B}.Release|Any CPU.ActiveCfg = Release|Any CPU
		{057A0606-9B52-4734-AF70-0F182524667B}.Release|Any CPU.Build.0 = Release|Any CPU
	EndGlobalSection
	GlobalSection(SolutionProperties) = preSolution
		HideSolutionNode = FALSE
	EndGlobalSection
	GlobalSection(ExtensibilityGlobals) = postSolution
		SolutionGuid = {BDF71368-472F-4879-8261-B202110F2FD3}
	EndGlobalSection
EndGlobal
