
Microsoft Visual Studio Solution File, Format Version 12.00
# Visual Studio Version 17
VisualStudioVersion = 17.1.32414.318
MinimumVisualStudioVersion = 10.0.40219.1
Project("{FAE04EC0-301F-11D3-BF4B-00C04F79EFBC}") = "1051", "1051\1051.csproj", "{EE62C406-ED74-4876-BCFA-8A689892E82A}"
EndProject
Global
	GlobalSection(SolutionConfigurationPlatforms) = preSolution
		Debug|Any CPU = Debug|Any CPU
		Release|Any CPU = Release|Any CPU
	EndGlobalSection
	GlobalSection(ProjectConfigurationPlatforms) = postSolution
		{EE62C406-ED74-4876-BCFA-8A689892E82A}.Debug|Any CPU.ActiveCfg = Debug|Any CPU
		{EE62C406-ED74-4876-BCFA-8A689892E82A}.Debug|Any CPU.Build.0 = Debug|Any CPU
		{EE62C406-ED74-4876-BCFA-8A689892E82A}.Release|Any CPU.ActiveCfg = Release|Any CPU
		{EE62C406-ED74-4876-BCFA-8A689892E82A}.Release|Any CPU.Build.0 = Release|Any CPU
	EndGlobalSection
	GlobalSection(SolutionProperties) = preSolution
		HideSolutionNode = FALSE
	EndGlobalSection
	GlobalSection(ExtensibilityGlobals) = postSolution
		SolutionGuid = {23D418B3-85EE-46B8-8C02-EFD17D821B98}
	EndGlobalSection
EndGlobal
