
Microsoft Visual Studio Solution File, Format Version 12.00
# Visual Studio Version 17
VisualStudioVersion = 17.1.32414.318
MinimumVisualStudioVersion = 10.0.40219.1
Project("{FAE04EC0-301F-11D3-BF4B-00C04F79EFBC}") = "1156", "1156\1156.csproj", "{8E4D8BC1-E2C0-4940-91EB-0BE0611AFEDD}"
EndProject
Global
	GlobalSection(SolutionConfigurationPlatforms) = preSolution
		Debug|Any CPU = Debug|Any CPU
		Release|Any CPU = Release|Any CPU
	EndGlobalSection
	GlobalSection(ProjectConfigurationPlatforms) = postSolution
		{8E4D8BC1-E2C0-4940-91EB-0BE0611AFEDD}.Debug|Any CPU.ActiveCfg = Debug|Any CPU
		{8E4D8BC1-E2C0-4940-91EB-0BE0611AFEDD}.Debug|Any CPU.Build.0 = Debug|Any CPU
		{8E4D8BC1-E2C0-4940-91EB-0BE0611AFEDD}.Release|Any CPU.ActiveCfg = Release|Any CPU
		{8E4D8BC1-E2C0-4940-91EB-0BE0611AFEDD}.Release|Any CPU.Build.0 = Release|Any CPU
	EndGlobalSection
	GlobalSection(SolutionProperties) = preSolution
		HideSolutionNode = FALSE
	EndGlobalSection
	GlobalSection(ExtensibilityGlobals) = postSolution
		SolutionGuid = {3C46039D-80E9-46E2-B796-77B2FC67F9CF}
	EndGlobalSection
EndGlobal
