
Microsoft Visual Studio Solution File, Format Version 12.00
# Visual Studio Version 17
VisualStudioVersion = 17.1.32414.318
MinimumVisualStudioVersion = 10.0.40219.1
Project("{FAE04EC0-301F-11D3-BF4B-00C04F79EFBC}") = "1059", "1059\1059.csproj", "{CDEBFAA3-1552-4B10-9B57-BEEDD8E6217F}"
EndProject
Global
	GlobalSection(SolutionConfigurationPlatforms) = preSolution
		Debug|Any CPU = Debug|Any CPU
		Release|Any CPU = Release|Any CPU
	EndGlobalSection
	GlobalSection(ProjectConfigurationPlatforms) = postSolution
		{CDEBFAA3-1552-4B10-9B57-BEEDD8E6217F}.Debug|Any CPU.ActiveCfg = Debug|Any CPU
		{CDEBFAA3-1552-4B10-9B57-BEEDD8E6217F}.Debug|Any CPU.Build.0 = Debug|Any CPU
		{CDEBFAA3-1552-4B10-9B57-BEEDD8E6217F}.Release|Any CPU.ActiveCfg = Release|Any CPU
		{CDEBFAA3-1552-4B10-9B57-BEEDD8E6217F}.Release|Any CPU.Build.0 = Release|Any CPU
	EndGlobalSection
	GlobalSection(SolutionProperties) = preSolution
		HideSolutionNode = FALSE
	EndGlobalSection
	GlobalSection(ExtensibilityGlobals) = postSolution
		SolutionGuid = {EF9C1470-4234-4F85-8C24-BD6FF67CB3B1}
	EndGlobalSection
EndGlobal
