
Microsoft Visual Studio Solution File, Format Version 12.00
# Visual Studio Version 17
VisualStudioVersion = 17.1.32414.318
MinimumVisualStudioVersion = 10.0.40219.1
Project("{FAE04EC0-301F-11D3-BF4B-00C04F79EFBC}") = "1158", "1158\1158.csproj", "{99AE3B22-5637-4D86-841C-5FAB51BFDCA8}"
EndProject
Global
	GlobalSection(SolutionConfigurationPlatforms) = preSolution
		Debug|Any CPU = Debug|Any CPU
		Release|Any CPU = Release|Any CPU
	EndGlobalSection
	GlobalSection(ProjectConfigurationPlatforms) = postSolution
		{99AE3B22-5637-4D86-841C-5FAB51BFDCA8}.Debug|Any CPU.ActiveCfg = Debug|Any CPU
		{99AE3B22-5637-4D86-841C-5FAB51BFDCA8}.Debug|Any CPU.Build.0 = Debug|Any CPU
		{99AE3B22-5637-4D86-841C-5FAB51BFDCA8}.Release|Any CPU.ActiveCfg = Release|Any CPU
		{99AE3B22-5637-4D86-841C-5FAB51BFDCA8}.Release|Any CPU.Build.0 = Release|Any CPU
	EndGlobalSection
	GlobalSection(SolutionProperties) = preSolution
		HideSolutionNode = FALSE
	EndGlobalSection
	GlobalSection(ExtensibilityGlobals) = postSolution
		SolutionGuid = {F046959F-A53B-4BD2-B86A-1593D0ABF988}
	EndGlobalSection
EndGlobal
