
Microsoft Visual Studio Solution File, Format Version 12.00
# Visual Studio Version 17
VisualStudioVersion = 17.1.32414.318
MinimumVisualStudioVersion = 10.0.40219.1
Project("{FAE04EC0-301F-11D3-BF4B-00C04F79EFBC}") = "1160", "1160\1160.csproj", "{881347F0-6062-4AFF-92AB-E6EB81414225}"
EndProject
Global
	GlobalSection(SolutionConfigurationPlatforms) = preSolution
		Debug|Any CPU = Debug|Any CPU
		Release|Any CPU = Release|Any CPU
	EndGlobalSection
	GlobalSection(ProjectConfigurationPlatforms) = postSolution
		{881347F0-6062-4AFF-92AB-E6EB81414225}.Debug|Any CPU.ActiveCfg = Debug|Any CPU
		{881347F0-6062-4AFF-92AB-E6EB81414225}.Debug|Any CPU.Build.0 = Debug|Any CPU
		{881347F0-6062-4AFF-92AB-E6EB81414225}.Release|Any CPU.ActiveCfg = Release|Any CPU
		{881347F0-6062-4AFF-92AB-E6EB81414225}.Release|Any CPU.Build.0 = Release|Any CPU
	EndGlobalSection
	GlobalSection(SolutionProperties) = preSolution
		HideSolutionNode = FALSE
	EndGlobalSection
	GlobalSection(ExtensibilityGlobals) = postSolution
		SolutionGuid = {871333B2-8505-47AD-915C-03D12F85E849}
	EndGlobalSection
EndGlobal
