
Microsoft Visual Studio Solution File, Format Version 12.00
# Visual Studio Version 17
VisualStudioVersion = 17.1.32414.318
MinimumVisualStudioVersion = 10.0.40219.1
Project("{FAE04EC0-301F-11D3-BF4B-00C04F79EFBC}") = "1050", "1050\1050.csproj", "{CE5CDBA7-0EA8-4C4A-9D3B-88B48B7421EC}"
EndProject
Global
	GlobalSection(SolutionConfigurationPlatforms) = preSolution
		Debug|Any CPU = Debug|Any CPU
		Release|Any CPU = Release|Any CPU
	EndGlobalSection
	GlobalSection(ProjectConfigurationPlatforms) = postSolution
		{CE5CDBA7-0EA8-4C4A-9D3B-88B48B7421EC}.Debug|Any CPU.ActiveCfg = Debug|Any CPU
		{CE5CDBA7-0EA8-4C4A-9D3B-88B48B7421EC}.Debug|Any CPU.Build.0 = Debug|Any CPU
		{CE5CDBA7-0EA8-4C4A-9D3B-88B48B7421EC}.Release|Any CPU.ActiveCfg = Release|Any CPU
		{CE5CDBA7-0EA8-4C4A-9D3B-88B48B7421EC}.Release|Any CPU.Build.0 = Release|Any CPU
	EndGlobalSection
	GlobalSection(SolutionProperties) = preSolution
		HideSolutionNode = FALSE
	EndGlobalSection
	GlobalSection(ExtensibilityGlobals) = postSolution
		SolutionGuid = {F02812DD-9185-44D2-AF72-909B4C61B8D5}
	EndGlobalSection
EndGlobal
