
Microsoft Visual Studio Solution File, Format Version 12.00
# Visual Studio Version 17
VisualStudioVersion = 17.1.32414.318
MinimumVisualStudioVersion = 10.0.40219.1
Project("{FAE04EC0-301F-11D3-BF4B-00C04F79EFBC}") = "1078", "1078\1078.csproj", "{3EAAF0DF-B1DC-4B7A-9BB2-D985C2C5080C}"
EndProject
Global
	GlobalSection(SolutionConfigurationPlatforms) = preSolution
		Debug|Any CPU = Debug|Any CPU
		Release|Any CPU = Release|Any CPU
	EndGlobalSection
	GlobalSection(ProjectConfigurationPlatforms) = postSolution
		{3EAAF0DF-B1DC-4B7A-9BB2-D985C2C5080C}.Debug|Any CPU.ActiveCfg = Debug|Any CPU
		{3EAAF0DF-B1DC-4B7A-9BB2-D985C2C5080C}.Debug|Any CPU.Build.0 = Debug|Any CPU
		{3EAAF0DF-B1DC-4B7A-9BB2-D985C2C5080C}.Release|Any CPU.ActiveCfg = Release|Any CPU
		{3EAAF0DF-B1DC-4B7A-9BB2-D985C2C5080C}.Release|Any CPU.Build.0 = Release|Any CPU
	EndGlobalSection
	GlobalSection(SolutionProperties) = preSolution
		HideSolutionNode = FALSE
	EndGlobalSection
	GlobalSection(ExtensibilityGlobals) = postSolution
		SolutionGuid = {AB6325BF-5C21-49D7-9D28-9C05ADE4BF4E}
	EndGlobalSection
EndGlobal
