
Microsoft Visual Studio Solution File, Format Version 12.00
# Visual Studio Version 17
VisualStudioVersion = 17.1.32414.318
MinimumVisualStudioVersion = 10.0.40219.1
Project("{FAE04EC0-301F-11D3-BF4B-00C04F79EFBC}") = "1061", "1061\1061.csproj", "{5B26734A-5D11-43E3-9E61-C52F3740745B}"
EndProject
Global
	GlobalSection(SolutionConfigurationPlatforms) = preSolution
		Debug|Any CPU = Debug|Any CPU
		Release|Any CPU = Release|Any CPU
	EndGlobalSection
	GlobalSection(ProjectConfigurationPlatforms) = postSolution
		{5B26734A-5D11-43E3-9E61-C52F3740745B}.Debug|Any CPU.ActiveCfg = Debug|Any CPU
		{5B26734A-5D11-43E3-9E61-C52F3740745B}.Debug|Any CPU.Build.0 = Debug|Any CPU
		{5B26734A-5D11-43E3-9E61-C52F3740745B}.Release|Any CPU.ActiveCfg = Release|Any CPU
		{5B26734A-5D11-43E3-9E61-C52F3740745B}.Release|Any CPU.Build.0 = Release|Any CPU
	EndGlobalSection
	GlobalSection(SolutionProperties) = preSolution
		HideSolutionNode = FALSE
	EndGlobalSection
	GlobalSection(ExtensibilityGlobals) = postSolution
		SolutionGuid = {58646DFB-C2CC-46F0-903C-CAF83C1A7809}
	EndGlobalSection
EndGlobal
