
Microsoft Visual Studio Solution File, Format Version 12.00
# Visual Studio Version 17
VisualStudioVersion = 17.1.32414.318
MinimumVisualStudioVersion = 10.0.40219.1
Project("{FAE04EC0-301F-11D3-BF4B-00C04F79EFBC}") = "1011", "1011\1011.csproj", "{35111BCA-0F6A-46E9-8789-BBB7C81553DE}"
EndProject
Global
	GlobalSection(SolutionConfigurationPlatforms) = preSolution
		Debug|Any CPU = Debug|Any CPU
		Release|Any CPU = Release|Any CPU
	EndGlobalSection
	GlobalSection(ProjectConfigurationPlatforms) = postSolution
		{35111BCA-0F6A-46E9-8789-BBB7C81553DE}.Debug|Any CPU.ActiveCfg = Debug|Any CPU
		{35111BCA-0F6A-46E9-8789-BBB7C81553DE}.Debug|Any CPU.Build.0 = Debug|Any CPU
		{35111BCA-0F6A-46E9-8789-BBB7C81553DE}.Release|Any CPU.ActiveCfg = Release|Any CPU
		{35111BCA-0F6A-46E9-8789-BBB7C81553DE}.Release|Any CPU.Build.0 = Release|Any CPU
	EndGlobalSection
	GlobalSection(SolutionProperties) = preSolution
		HideSolutionNode = FALSE
	EndGlobalSection
	GlobalSection(ExtensibilityGlobals) = postSolution
		SolutionGuid = {C6B5A3AF-39BD-4B00-9217-EC743C273D4B}
	EndGlobalSection
EndGlobal
