
Microsoft Visual Studio Solution File, Format Version 12.00
# Visual Studio Version 17
VisualStudioVersion = 17.1.32414.318
MinimumVisualStudioVersion = 10.0.40219.1
Project("{FAE04EC0-301F-11D3-BF4B-00C04F79EFBC}") = "1094", "1094\1094.csproj", "{3FE8482C-5AF4-4EA2-BEFD-4F9A8BDB827A}"
EndProject
Global
	GlobalSection(SolutionConfigurationPlatforms) = preSolution
		Debug|Any CPU = Debug|Any CPU
		Release|Any CPU = Release|Any CPU
	EndGlobalSection
	GlobalSection(ProjectConfigurationPlatforms) = postSolution
		{3FE8482C-5AF4-4EA2-BEFD-4F9A8BDB827A}.Debug|Any CPU.ActiveCfg = Debug|Any CPU
		{3FE8482C-5AF4-4EA2-BEFD-4F9A8BDB827A}.Debug|Any CPU.Build.0 = Debug|Any CPU
		{3FE8482C-5AF4-4EA2-BEFD-4F9A8BDB827A}.Release|Any CPU.ActiveCfg = Release|Any CPU
		{3FE8482C-5AF4-4EA2-BEFD-4F9A8BDB827A}.Release|Any CPU.Build.0 = Release|Any CPU
	EndGlobalSection
	GlobalSection(SolutionProperties) = preSolution
		HideSolutionNode = FALSE
	EndGlobalSection
	GlobalSection(ExtensibilityGlobals) = postSolution
		SolutionGuid = {FAAA6B1C-ADB1-4704-9A0E-A00BCD7E7239}
	EndGlobalSection
EndGlobal
